
Microsoft Visual Studio Solution File, Format Version 12.00
# Visual Studio Version 17
VisualStudioVersion = 17.4.33205.214
MinimumVisualStudioVersion = 10.0.40219.1
Project("{FAE04EC0-301F-11D3-BF4B-00C04F79EFBC}") = "SampleWeAPI", "SampleWeAPI\SampleWeAPI.csproj", "{8F6D42E6-37CC-4C56-A2B9-A47C5EF99D02}"
EndProject
Global
	GlobalSection(SolutionConfigurationPlatforms) = preSolution
		Debug|Any CPU = Debug|Any CPU
		Release|Any CPU = Release|Any CPU
	EndGlobalSection
	GlobalSection(ProjectConfigurationPlatforms) = postSolution
		{8F6D42E6-37CC-4C56-A2B9-A47C5EF99D02}.Debug|Any CPU.ActiveCfg = Debug|Any CPU
		{8F6D42E6-37CC-4C56-A2B9-A47C5EF99D02}.Debug|Any CPU.Build.0 = Debug|Any CPU
		{8F6D42E6-37CC-4C56-A2B9-A47C5EF99D02}.Release|Any CPU.ActiveCfg = Release|Any CPU
		{8F6D42E6-37CC-4C56-A2B9-A47C5EF99D02}.Release|Any CPU.Build.0 = Release|Any CPU
	EndGlobalSection
	GlobalSection(SolutionProperties) = preSolution
		HideSolutionNode = FALSE
	EndGlobalSection
	GlobalSection(ExtensibilityGlobals) = postSolution
		SolutionGuid = {FC3BD29D-F1DD-4C8B-955C-001502937295}
	EndGlobalSection
EndGlobal
